
Microsoft Visual Studio Solution File, Format Version 12.00
# Visual Studio 15
VisualStudioVersion = 15.0.27428.2015
MinimumVisualStudioVersion = 10.0.40219.1
Project("{FAE04EC0-301F-11D3-BF4B-00C04F79EFBC}") = "IndividualAssignment4", "IndividualAssignment4\IndividualAssignment4.csproj", "{69E19F92-E3C9-4A5E-BD2A-E95C5FE8002B}"
EndProject
Project("{2150E333-8FDC-42A3-9474-1A3956D46DE8}") = "Classes", "Classes", "{3001576D-2ADB-4DB2-8CD3-5D31CF3D5E48}"
	ProjectSection(SolutionItems) = preProject
		User.cs = User.cs
		Account.cs = Account.cs
		Transaction.cs = Transaction.cs
	EndProjectSection
EndProject
Global
	GlobalSection(SolutionConfigurationPlatforms) = preSolution
		Debug|Any CPU = Debug|Any CPU
		Release|Any CPU = Release|Any CPU
	EndGlobalSection
	GlobalSection(ProjectConfigurationPlatforms) = postSolution
		{69E19F92-E3C9-4A5E-BD2A-E95C5FE8002B}.Debug|Any CPU.ActiveCfg = Debug|Any CPU
		{69E19F92-E3C9-4A5E-BD2A-E95C5FE8002B}.Debug|Any CPU.Build.0 = Debug|Any CPU
		{69E19F92-E3C9-4A5E-BD2A-E95C5FE8002B}.Debug|Any CPU.Deploy.0 = Debug|Any CPU
		{69E19F92-E3C9-4A5E-BD2A-E95C5FE8002B}.Release|Any CPU.ActiveCfg = Release|Any CPU
		{69E19F92-E3C9-4A5E-BD2A-E95C5FE8002B}.Release|Any CPU.Build.0 = Release|Any CPU
		{69E19F92-E3C9-4A5E-BD2A-E95C5FE8002B}.Release|Any CPU.Deploy.0 = Release|Any CPU
	EndGlobalSection
	GlobalSection(SolutionProperties) = preSolution
		HideSolutionNode = FALSE
	EndGlobalSection
	GlobalSection(ExtensibilityGlobals) = postSolution
		SolutionGuid = {AAA996A5-1858-4BCD-BF82-AB40CC429716}
	EndGlobalSection
EndGlobal
